
Microsoft Visual Studio Solution File, Format Version 12.00
# Visual Studio Version 17
VisualStudioVersion = 17.9.34616.47
MinimumVisualStudioVersion = 10.0.40219.1
Project("{FAE04EC0-301F-11D3-BF4B-00C04F79EFBC}") = "LINQ02", "LINQ02\LINQ02.csproj", "{FD342454-2315-4B04-A545-8456C9917CBB}"
EndProject
Global
	GlobalSection(SolutionConfigurationPlatforms) = preSolution
		Debug|Any CPU = Debug|Any CPU
		Release|Any CPU = Release|Any CPU
	EndGlobalSection
	GlobalSection(ProjectConfigurationPlatforms) = postSolution
		{FD342454-2315-4B04-A545-8456C9917CBB}.Debug|Any CPU.ActiveCfg = Debug|Any CPU
		{FD342454-2315-4B04-A545-8456C9917CBB}.Debug|Any CPU.Build.0 = Debug|Any CPU
		{FD342454-2315-4B04-A545-8456C9917CBB}.Release|Any CPU.ActiveCfg = Release|Any CPU
		{FD342454-2315-4B04-A545-8456C9917CBB}.Release|Any CPU.Build.0 = Release|Any CPU
	EndGlobalSection
	GlobalSection(SolutionProperties) = preSolution
		HideSolutionNode = FALSE
	EndGlobalSection
	GlobalSection(ExtensibilityGlobals) = postSolution
		SolutionGuid = {51BBBCE2-C308-40F1-87AC-41172EA2789C}
	EndGlobalSection
EndGlobal
